
Microsoft Visual Studio Solution File, Format Version 12.00
# Visual Studio Version 16
VisualStudioVersion = 16.0.30517.126
MinimumVisualStudioVersion = 10.0.40219.1
Project("{FAE04EC0-301F-11D3-BF4B-00C04F79EFBC}") = "DataFromFile", "DataFromFile\DataFromFile.csproj", "{DEF2B1B1-365E-4B4C-AC5B-06E4D59C6303}"
EndProject
Project("{FAE04EC0-301F-11D3-BF4B-00C04F79EFBC}") = "Horoscope", "Horoscope\Horoscope.csproj", "{0215EAF5-A5E1-4123-BA59-1FDF181D8EBB}"
EndProject
Project("{FAE04EC0-301F-11D3-BF4B-00C04F79EFBC}") = "Chuck", "Chuck\Chuck.csproj", "{A83BF22F-662A-4013-8E68-1C43EB60E611}"
EndProject
Global
	GlobalSection(SolutionConfigurationPlatforms) = preSolution
		Debug|Any CPU = Debug|Any CPU
		Release|Any CPU = Release|Any CPU
	EndGlobalSection
	GlobalSection(ProjectConfigurationPlatforms) = postSolution
		{DEF2B1B1-365E-4B4C-AC5B-06E4D59C6303}.Debug|Any CPU.ActiveCfg = Debug|Any CPU
		{DEF2B1B1-365E-4B4C-AC5B-06E4D59C6303}.Debug|Any CPU.Build.0 = Debug|Any CPU
		{DEF2B1B1-365E-4B4C-AC5B-06E4D59C6303}.Release|Any CPU.ActiveCfg = Release|Any CPU
		{DEF2B1B1-365E-4B4C-AC5B-06E4D59C6303}.Release|Any CPU.Build.0 = Release|Any CPU
		{0215EAF5-A5E1-4123-BA59-1FDF181D8EBB}.Debug|Any CPU.ActiveCfg = Debug|Any CPU
		{0215EAF5-A5E1-4123-BA59-1FDF181D8EBB}.Debug|Any CPU.Build.0 = Debug|Any CPU
		{0215EAF5-A5E1-4123-BA59-1FDF181D8EBB}.Release|Any CPU.ActiveCfg = Release|Any CPU
		{0215EAF5-A5E1-4123-BA59-1FDF181D8EBB}.Release|Any CPU.Build.0 = Release|Any CPU
		{A83BF22F-662A-4013-8E68-1C43EB60E611}.Debug|Any CPU.ActiveCfg = Debug|Any CPU
		{A83BF22F-662A-4013-8E68-1C43EB60E611}.Debug|Any CPU.Build.0 = Debug|Any CPU
		{A83BF22F-662A-4013-8E68-1C43EB60E611}.Release|Any CPU.ActiveCfg = Release|Any CPU
		{A83BF22F-662A-4013-8E68-1C43EB60E611}.Release|Any CPU.Build.0 = Release|Any CPU
	EndGlobalSection
	GlobalSection(SolutionProperties) = preSolution
		HideSolutionNode = FALSE
	EndGlobalSection
	GlobalSection(ExtensibilityGlobals) = postSolution
		SolutionGuid = {88213210-31DB-41C5-ACD7-051B88AF29EA}
	EndGlobalSection
EndGlobal
